PODS:
  - Amplify (1.29.1):
    - Amplify/Default (= 1.29.1)
  - Amplify/Default (1.29.1)
  - amplify_api_ios (0.0.1):
    - Amplify (= 1.29.1)
    - amplify_core
    - AmplifyPlugins/AWSAPIPlugin (= 1.29.1)
    - Flutter
    - SwiftFormat/CLI
    - SwiftLint (= 0.48.0)
  - amplify_auth_cognito_ios (0.0.1):
    - Amplify (= 1.29.1)
    - amplify_core
    - AmplifyPlugins/AWSCognitoAuthPlugin (= 1.29.1)
    - Flutter
    - ObjectMapper
  - amplify_core (0.0.1):
    - Flutter
    - SwiftFormat/CLI
    - SwiftLint (= 0.48.0)
  - amplify_datastore (0.0.1):
    - Amplify (= 1.29.1)
    - amplify_core
    - AmplifyPlugins/AWSDataStorePlugin (= 1.29.1)
    - Flutter
  - amplify_flutter_ios (0.0.1):
    - Amplify (= 1.29.1)
    - amplify_core
    - AmplifyPlugins/AWSCognitoAuthPlugin (= 1.29.1)
    - AWSPluginsCore (= 1.29.1)
    - Flutter
    - SwiftFormat/CLI
    - SwiftLint (= 0.48.0)
  - AmplifyPlugins/AWSAPIPlugin (1.29.1):
    - AppSyncRealTimeClient (~> 3.0)
    - AWSCore (~> 2.30.1)
    - AWSPluginsCore (= 1.29.1)
  - AmplifyPlugins/AWSCognitoAuthPlugin (1.29.1):
    - AWSAuthCore (~> 2.30.1)
    - AWSCognitoIdentityProvider (~> 2.30.1)
    - AWSCognitoIdentityProviderASF (~> 2.30.1)
    - AWSCore (~> 2.30.1)
    - AWSMobileClient (~> 2.30.1)
    - AWSPluginsCore (= 1.29.1)
  - AmplifyPlugins/AWSDataStorePlugin (1.29.1):
    - AWSCore (~> 2.30.1)
    - AWSPluginsCore (= 1.29.1)
    - SQLite.swift (= 0.13.2)
  - AppSyncRealTimeClient (3.1.0):
    - Starscream (~> 4.0.4)
  - AWSAuthCore (2.30.4):
    - AWSCore (= 2.30.4)
  - AWSCognitoIdentityProvider (2.30.4):
    - AWSCognitoIdentityProviderASF (= 2.30.4)
    - AWSCore (= 2.30.4)
  - AWSCognitoIdentityProviderASF (2.30.4):
    - AWSCore (= 2.30.4)
  - AWSCore (2.30.4)
  - AWSMobileClient (2.30.4):
    - AWSAuthCore (= 2.30.4)
    - AWSCognitoIdentityProvider (= 2.30.4)
    - AWSCognitoIdentityProviderASF (= 2.30.4)
    - AWSCore (= 2.30.4)
  - AWSPluginsCore (1.29.1):
    - Amplify (= 1.29.1)
    - AWSCore (~> 2.30.1)
  - Flutter (1.0.0)
  - ObjectMapper (4.2.0)
  - shared_preferences_ios (0.0.1):
    - Flutter
  - SQLite.swift (0.13.2):
    - SQLite.swift/standard (= 0.13.2)
  - SQLite.swift/standard (0.13.2)
  - Starscream (4.0.4)
  - Stripe (23.6.0):
    - StripeApplePay (= 23.6.0)
    - StripeCore (= 23.6.0)
    - StripePayments (= 23.6.0)
    - StripePaymentsUI (= 23.6.0)
    - StripeUICore (= 23.6.0)
  - stripe_ios (0.0.1):
    - Flutter
    - Stripe (= 23.6.0)
    - StripeApplePay (= 23.6.0)
    - StripeFinancialConnections (= 23.6.0)
    - StripePayments (= 23.6.0)
    - StripePaymentSheet (= 23.6.0)
    - StripePaymentsUI (= 23.6.0)
  - StripeApplePay (23.6.0):
    - StripeCore (= 23.6.0)
  - StripeCore (23.6.0)
  - StripeFinancialConnections (23.6.0):
    - StripeCore (= 23.6.0)
    - StripeUICore (= 23.6.0)
  - StripePayments (23.6.0):
    - StripeCore (= 23.6.0)
    - StripePayments/Stripe3DS2 (= 23.6.0)
  - StripePayments/Stripe3DS2 (23.6.0):
    - StripeCore (= 23.6.0)
  - StripePaymentSheet (23.6.0):
    - StripeApplePay (= 23.6.0)
    - StripeCore (= 23.6.0)
    - StripePayments (= 23.6.0)
    - StripePaymentsUI (= 23.6.0)
  - StripePaymentsUI (23.6.0):
    - StripeCore (= 23.6.0)
    - StripePayments (= 23.6.0)
    - StripeUICore (= 23.6.0)
  - StripeUICore (23.6.0):
    - StripeCore (= 23.6.0)
  - SwiftFormat/CLI (0.51.12)
  - SwiftLint (0.48.0)

DEPENDENCIES:
  - amplify_api_ios (from `.symlinks/plugins/amplify_api_ios/ios`)
  - amplify_auth_cognito_ios (from `.symlinks/plugins/amplify_auth_cognito_ios/ios`)
  - amplify_core (from `.symlinks/plugins/amplify_core/ios`)
  - amplify_datastore (from `.symlinks/plugins/amplify_datastore/ios`)
  - amplify_flutter_ios (from `.symlinks/plugins/amplify_flutter_ios/ios`)
  - Flutter (from `Flutter`)
  - shared_preferences_ios (from `.symlinks/plugins/shared_preferences_ios/ios`)
  - stripe_ios (from `.symlinks/plugins/stripe_ios/ios`)

SPEC REPOS:
  trunk:
    - Amplify
    - AmplifyPlugins
    - AppSyncRealTimeClient
    - AWSAuthCore
    - AWSCognitoIdentityProvider
    - AWSCognitoIdentityProviderASF
    - AWSCore
    - AWSMobileClient
    - AWSPluginsCore
    - ObjectMapper
    - SQLite.swift
    - Starscream
    - Stripe
    - StripeApplePay
    - StripeCore
    - StripeFinancialConnections
    - StripePayments
    - StripePaymentSheet
    - StripePaymentsUI
    - StripeUICore
    - SwiftFormat
    - SwiftLint

EXTERNAL SOURCES:
  amplify_api_ios:
    :path: ".symlinks/plugins/amplify_api_ios/ios"
  amplify_auth_cognito_ios:
    :path: ".symlinks/plugins/amplify_auth_cognito_ios/ios"
  amplify_core:
    :path: ".symlinks/plugins/amplify_core/ios"
  amplify_datastore:
    :path: ".symlinks/plugins/amplify_datastore/ios"
  amplify_flutter_ios:
    :path: ".symlinks/plugins/amplify_flutter_ios/ios"
  Flutter:
    :path: Flutter
  shared_preferences_ios:
    :path: ".symlinks/plugins/shared_preferences_ios/ios"
  stripe_ios:
    :path: ".symlinks/plugins/stripe_ios/ios"

SPEC CHECKSUMS:
  Amplify: b72bc02515114147a7be8c4f76ef4ecc41350a23
  amplify_api_ios: 76d1a6ee60fa6133c5386179f313c3a8fa47d585
  amplify_auth_cognito_ios: 5260aed8aaa4e6c5a08a49695077c1b6f8d75251
  amplify_core: 0876b2fbbcec7619f5b58b20c59ecc0118f65a47
  amplify_datastore: 67f90ca91a272a43eb7c891a619a9646d3f5683b
  amplify_flutter_ios: b215a2d52f8beeb9d30e29a99152c71fadc6730a
  AmplifyPlugins: f8fa63aafd782a44cf48abef656e759dcab3eb71
  AppSyncRealTimeClient: 49901c6f21e541bec09281854c5695a6c1309bf7
  AWSAuthCore: 42e2d4927d94e5e323b63b2ae885f287c51b5889
  AWSCognitoIdentityProvider: 2331f5f4c8c1775c6a228bb2dae2d353198401e8
  AWSCognitoIdentityProviderASF: d905c2acab3d2e7016b643d53ba553d5217fa929
  AWSCore: 19b8233fe2d0ed3ccf5cff833a615814282cdc90
  AWSMobileClient: 7d9c81e47ef27c6b5604858477006548eb1db342
  AWSPluginsCore: d2c3685072cf896a05f09b55686af476db7c0596
  Flutter: f04841e97a9d0b0a8025694d0796dd46242b2854
  ObjectMapper: 1eb41f610210777375fa806bf161dc39fb832b81
  shared_preferences_ios: 548a61f8053b9b8a49ac19c1ffbc8b92c50d68ad
  SQLite.swift: 4fc2be46c36392e3b87afe6fe7f1801c1daa07ef
  Starscream: 5178aed56b316f13fa3bc55694e583d35dd414d9
  Stripe: 097f76ce332ff7dcb8a29ec2a8379bb4f34aa14d
  stripe_ios: dfb96f1e36a0feb24596e280dfdc33d4106e9e77
  StripeApplePay: 484761d4760ddb8af8c1510b8735cd9aee94515f
  StripeCore: 0e83ad26d508e5a8e9eb04d6ddd3cbb08a3f7816
  StripeFinancialConnections: eb303783458a7e5bd4380cbbf0a6cf44246473f4
  StripePayments: cdd5222052d541f4daf1d84515f0b9cd18720534
  StripePaymentSheet: 835aabcac7946d6b6b341055d021428b96894b70
  StripePaymentsUI: 835b9422f86ceb2ca02b4146db9d3f7bf1acb0d9
  StripeUICore: 81bac0f54df659ab7c5dd4f5a57719a5fecdcdc9
  SwiftFormat: a5bbe21e2794b5a914f548ec651f28f2ab8be099
  SwiftLint: 284cea64b6187c5d6bd83e9a548a64104d546447

PODFILE CHECKSUM: 775997f741c536251164e3eacf6e34abf2eb7a17

COCOAPODS: 1.11.3
